
Microsoft Visual Studio Solution File, Format Version 12.00
# Visual Studio 2012
Project("{FAE04EC0-301F-11D3-BF4B-00C04F79EFBC}") = "Filerec.Console.UI", "Filerec.Console.UI\Filerec.Console.UI.csproj", "{4DDA284F-F6DB-4F30-B6C2-F39623426D53}"
EndProject
Project("{FAE04EC0-301F-11D3-BF4B-00C04F79EFBC}") = "Filerec.RedundancyChecker", "Filerec.RedundancyChecker\Filerec.RedundancyChecker.csproj", "{ECC44695-196A-4585-822F-63BC4C23513D}"
EndProject
Project("{FAE04EC0-301F-11D3-BF4B-00C04F79EFBC}") = "Filerec.Test", "Filerec.Test\Filerec.Test.csproj", "{0C70A1A9-DE50-4E12-B319-12867E26B2CD}"
EndProject
Global
	GlobalSection(SolutionConfigurationPlatforms) = preSolution
		Debug|Any CPU = Debug|Any CPU
		Release|Any CPU = Release|Any CPU
	EndGlobalSection
	GlobalSection(ProjectConfigurationPlatforms) = postSolution
		{4DDA284F-F6DB-4F30-B6C2-F39623426D53}.Debug|Any CPU.ActiveCfg = Debug|Any CPU
		{4DDA284F-F6DB-4F30-B6C2-F39623426D53}.Debug|Any CPU.Build.0 = Debug|Any CPU
		{4DDA284F-F6DB-4F30-B6C2-F39623426D53}.Release|Any CPU.ActiveCfg = Release|Any CPU
		{4DDA284F-F6DB-4F30-B6C2-F39623426D53}.Release|Any CPU.Build.0 = Release|Any CPU
		{ECC44695-196A-4585-822F-63BC4C23513D}.Debug|Any CPU.ActiveCfg = Debug|Any CPU
		{ECC44695-196A-4585-822F-63BC4C23513D}.Debug|Any CPU.Build.0 = Debug|Any CPU
		{ECC44695-196A-4585-822F-63BC4C23513D}.Release|Any CPU.ActiveCfg = Release|Any CPU
		{ECC44695-196A-4585-822F-63BC4C23513D}.Release|Any CPU.Build.0 = Release|Any CPU
		{0C70A1A9-DE50-4E12-B319-12867E26B2CD}.Debug|Any CPU.ActiveCfg = Debug|Any CPU
		{0C70A1A9-DE50-4E12-B319-12867E26B2CD}.Debug|Any CPU.Build.0 = Debug|Any CPU
		{0C70A1A9-DE50-4E12-B319-12867E26B2CD}.Release|Any CPU.ActiveCfg = Release|Any CPU
		{0C70A1A9-DE50-4E12-B319-12867E26B2CD}.Release|Any CPU.Build.0 = Release|Any CPU
	EndGlobalSection
	GlobalSection(SolutionProperties) = preSolution
		HideSolutionNode = FALSE
	EndGlobalSection
EndGlobal
